<Solution>
  <Folder Name="/src/">
    <Project Path="src/CloudKnowledge.Api/CloudKnowledge.Api.csproj" />
    <Project Path="src/CloudKnowledge.Application/CloudKnowledge.Application.csproj" />
    <Project Path="src/CloudKnowledge.Domain/CloudKnowledge.Domain.csproj" />
    <Project Path="src/CloudKnowledge.Infrastructure/CloudKnowledge.Infrastructure.csproj" />
    <Project Path="src/CloudKnowledge.Worker/CloudKnowledge.Worker.csproj" />
  </Folder>
  <Folder Name="/tests/">
    <Project Path="tests/CloudKnowledge.Api.IntegrationTests/CloudKnowledge.Api.IntegrationTests.csproj" />
    <Project Path="tests/CloudKnowledge.Application.Tests/CloudKnowledge.Application.Tests.csproj" />
    <Project Path="tests/CloudKnowledge.Domain.Tests/CloudKnowledge.Domain.Tests.csproj" />
  </Folder>
</Solution>
